PODS:
  - DDProgressIndicator (1.0.0)

DEPENDENCIES:
  - DDProgressIndicator (from `../`)

EXTERNAL SOURCES:
  DDProgressIndicator:
    :path: "../"

SPEC CHECKSUMS:
  DDProgressIndicator: 3bcd0d31713977fffa8783dd92c8ba1b3fbd1119

PODFILE CHECKSUM: 8fe6d80f89d8386f9f0588c92fde8ed5f4839d07

COCOAPODS: 1.0.1
