PODS:
  - DDProgressIndicator (0.1.0)

DEPENDENCIES:
  - DDProgressIndicator (from `../`)

EXTERNAL SOURCES:
  DDProgressIndicator:
    :path: "../"

SPEC CHECKSUMS:
  DDProgressIndicator: 88903b2bd500ed5d6ddacd54e7ce40cd2b7a022f

PODFILE CHECKSUM: 8fe6d80f89d8386f9f0588c92fde8ed5f4839d07

COCOAPODS: 1.0.1
